
Microsoft Visual Studio Solution File, Format Version 12.00
# Visual Studio Version 17
VisualStudioVersion = 17.10.35013.160
MinimumVisualStudioVersion = 10.0.40219.1
Project("{FAE04EC0-301F-11D3-BF4B-00C04F79EFBC}") = "InventarioWepExterna", "InventarioWepExterna.csproj", "{B705272B-87E2-437E-B903-EFE0FB9793CB}"
EndProject
Global
	GlobalSection(SolutionConfigurationPlatforms) = preSolution
		Debug|Any CPU = Debug|Any CPU
		Release|Any CPU = Release|Any CPU
	EndGlobalSection
	GlobalSection(ProjectConfigurationPlatforms) = postSolution
		{B705272B-87E2-437E-B903-EFE0FB9793CB}.Debug|Any CPU.ActiveCfg = Debug|Any CPU
		{B705272B-87E2-437E-B903-EFE0FB9793CB}.Debug|Any CPU.Build.0 = Debug|Any CPU
		{B705272B-87E2-437E-B903-EFE0FB9793CB}.Release|Any CPU.ActiveCfg = Release|Any CPU
		{B705272B-87E2-437E-B903-EFE0FB9793CB}.Release|Any CPU.Build.0 = Release|Any CPU
	EndGlobalSection
	GlobalSection(SolutionProperties) = preSolution
		HideSolutionNode = FALSE
	EndGlobalSection
	GlobalSection(ExtensibilityGlobals) = postSolution
		SolutionGuid = {C6E81413-F302-4779-9EB9-7AF77B10011C}
	EndGlobalSection
EndGlobal
